
Microsoft Visual Studio Solution File, Format Version 12.00
Project("{FAE04EC0-301F-11D3-BF4B-00C04F79EFBC}") = "StratJamAI", "StratJamAI\StratJamAI.csproj", "{0FA253FB-B522-440B-833E-0CF5D4A6A4BE}"
EndProject
Project("{FAE04EC0-301F-11D3-BF4B-00C04F79EFBC}") = "StratJamAI.Core", "StratJamAI.Core\StratJamAI.Core.csproj", "{0630DFAE-DD33-4DAE-B6F4-5F89181C9218}"
EndProject
Project("{FAE04EC0-301F-11D3-BF4B-00C04F79EFBC}") = "StratJamAI.Tests", "StratJamAI.Tests\StratJamAI.Tests.csproj", "{55759A1C-40ED-4287-A506-CC05BA57BD46}"
EndProject
Project("{FAE04EC0-301F-11D3-BF4B-00C04F79EFBC}") = "StratJamAI.Web", "StratJamAI.Web\StratJamAI.Web.csproj", "{AB9FF557-8881-4A72-98DF-D7223C5F6EBE}"
EndProject
Project("{FAE04EC0-301F-11D3-BF4B-00C04F79EFBC}") = "StratJamAI.Web.Tests", "StratJamAI.Web.Tests\StratJamAI.Web.Tests.csproj", "{23371875-C25F-4981-985B-4848A3180B6F}"
EndProject
Global
	GlobalSection(SolutionConfigurationPlatforms) = preSolution
		Debug|Any CPU = Debug|Any CPU
		Debug|x64 = Debug|x64
		Debug|x86 = Debug|x86
		Release|Any CPU = Release|Any CPU
		Release|x64 = Release|x64
		Release|x86 = Release|x86
	EndGlobalSection
	GlobalSection(ProjectConfigurationPlatforms) = postSolution
		{0FA253FB-B522-440B-833E-0CF5D4A6A4BE}.Debug|Any CPU.ActiveCfg = Debug|Any CPU
		{0FA253FB-B522-440B-833E-0CF5D4A6A4BE}.Debug|Any CPU.Build.0 = Debug|Any CPU
		{0FA253FB-B522-440B-833E-0CF5D4A6A4BE}.Debug|x64.ActiveCfg = Debug|Any CPU
		{0FA253FB-B522-440B-833E-0CF5D4A6A4BE}.Debug|x64.Build.0 = Debug|Any CPU
		{0FA253FB-B522-440B-833E-0CF5D4A6A4BE}.Debug|x86.ActiveCfg = Debug|Any CPU
		{0FA253FB-B522-440B-833E-0CF5D4A6A4BE}.Debug|x86.Build.0 = Debug|Any CPU
		{0FA253FB-B522-440B-833E-0CF5D4A6A4BE}.Release|Any CPU.ActiveCfg = Release|Any CPU
		{0FA253FB-B522-440B-833E-0CF5D4A6A4BE}.Release|Any CPU.Build.0 = Release|Any CPU
		{0FA253FB-B522-440B-833E-0CF5D4A6A4BE}.Release|x64.ActiveCfg = Release|Any CPU
		{0FA253FB-B522-440B-833E-0CF5D4A6A4BE}.Release|x64.Build.0 = Release|Any CPU
		{0FA253FB-B522-440B-833E-0CF5D4A6A4BE}.Release|x86.ActiveCfg = Release|Any CPU
		{0FA253FB-B522-440B-833E-0CF5D4A6A4BE}.Release|x86.Build.0 = Release|Any CPU
		{0630DFAE-DD33-4DAE-B6F4-5F89181C9218}.Debug|Any CPU.ActiveCfg = Debug|Any CPU
		{0630DFAE-DD33-4DAE-B6F4-5F89181C9218}.Debug|Any CPU.Build.0 = Debug|Any CPU
		{0630DFAE-DD33-4DAE-B6F4-5F89181C9218}.Debug|x64.ActiveCfg = Debug|Any CPU
		{0630DFAE-DD33-4DAE-B6F4-5F89181C9218}.Debug|x64.Build.0 = Debug|Any CPU
		{0630DFAE-DD33-4DAE-B6F4-5F89181C9218}.Debug|x86.ActiveCfg = Debug|Any CPU
		{0630DFAE-DD33-4DAE-B6F4-5F89181C9218}.Debug|x86.Build.0 = Debug|Any CPU
		{0630DFAE-DD33-4DAE-B6F4-5F89181C9218}.Release|Any CPU.ActiveCfg = Release|Any CPU
		{0630DFAE-DD33-4DAE-B6F4-5F89181C9218}.Release|Any CPU.Build.0 = Release|Any CPU
		{0630DFAE-DD33-4DAE-B6F4-5F89181C9218}.Release|x64.ActiveCfg = Release|Any CPU
		{0630DFAE-DD33-4DAE-B6F4-5F89181C9218}.Release|x64.Build.0 = Release|Any CPU
		{0630DFAE-DD33-4DAE-B6F4-5F89181C9218}.Release|x86.ActiveCfg = Release|Any CPU
		{0630DFAE-DD33-4DAE-B6F4-5F89181C9218}.Release|x86.Build.0 = Release|Any CPU
		{55759A1C-40ED-4287-A506-CC05BA57BD46}.Debug|Any CPU.ActiveCfg = Debug|Any CPU
		{55759A1C-40ED-4287-A506-CC05BA57BD46}.Debug|Any CPU.Build.0 = Debug|Any CPU
		{55759A1C-40ED-4287-A506-CC05BA57BD46}.Debug|x64.ActiveCfg = Debug|Any CPU
		{55759A1C-40ED-4287-A506-CC05BA57BD46}.Debug|x64.Build.0 = Debug|Any CPU
		{55759A1C-40ED-4287-A506-CC05BA57BD46}.Debug|x86.ActiveCfg = Debug|Any CPU
		{55759A1C-40ED-4287-A506-CC05BA57BD46}.Debug|x86.Build.0 = Debug|Any CPU
		{55759A1C-40ED-4287-A506-CC05BA57BD46}.Release|Any CPU.ActiveCfg = Release|Any CPU
		{55759A1C-40ED-4287-A506-CC05BA57BD46}.Release|Any CPU.Build.0 = Release|Any CPU
		{55759A1C-40ED-4287-A506-CC05BA57BD46}.Release|x64.ActiveCfg = Release|Any CPU
		{55759A1C-40ED-4287-A506-CC05BA57BD46}.Release|x64.Build.0 = Release|Any CPU
		{55759A1C-40ED-4287-A506-CC05BA57BD46}.Release|x86.ActiveCfg = Release|Any CPU
		{55759A1C-40ED-4287-A506-CC05BA57BD46}.Release|x86.Build.0 = Release|Any CPU
		{AB9FF557-8881-4A72-98DF-D7223C5F6EBE}.Debug|Any CPU.ActiveCfg = Debug|Any CPU
		{AB9FF557-8881-4A72-98DF-D7223C5F6EBE}.Debug|Any CPU.Build.0 = Debug|Any CPU
		{AB9FF557-8881-4A72-98DF-D7223C5F6EBE}.Debug|x64.ActiveCfg = Debug|Any CPU
		{AB9FF557-8881-4A72-98DF-D7223C5F6EBE}.Debug|x64.Build.0 = Debug|Any CPU
		{AB9FF557-8881-4A72-98DF-D7223C5F6EBE}.Debug|x86.ActiveCfg = Debug|Any CPU
		{AB9FF557-8881-4A72-98DF-D7223C5F6EBE}.Debug|x86.Build.0 = Debug|Any CPU
		{AB9FF557-8881-4A72-98DF-D7223C5F6EBE}.Release|Any CPU.ActiveCfg = Release|Any CPU
		{AB9FF557-8881-4A72-98DF-D7223C5F6EBE}.Release|Any CPU.Build.0 = Release|Any CPU
		{AB9FF557-8881-4A72-98DF-D7223C5F6EBE}.Release|x64.ActiveCfg = Release|Any CPU
		{AB9FF557-8881-4A72-98DF-D7223C5F6EBE}.Release|x64.Build.0 = Release|Any CPU
		{AB9FF557-8881-4A72-98DF-D7223C5F6EBE}.Release|x86.ActiveCfg = Release|Any CPU
		{AB9FF557-8881-4A72-98DF-D7223C5F6EBE}.Release|x86.Build.0 = Release|Any CPU
		{23371875-C25F-4981-985B-4848A3180B6F}.Debug|Any CPU.ActiveCfg = Debug|Any CPU
		{23371875-C25F-4981-985B-4848A3180B6F}.Debug|Any CPU.Build.0 = Debug|Any CPU
		{23371875-C25F-4981-985B-4848A3180B6F}.Debug|x64.ActiveCfg = Debug|Any CPU
		{23371875-C25F-4981-985B-4848A3180B6F}.Debug|x64.Build.0 = Debug|Any CPU
		{23371875-C25F-4981-985B-4848A3180B6F}.Debug|x86.ActiveCfg = Debug|Any CPU
		{23371875-C25F-4981-985B-4848A3180B6F}.Debug|x86.Build.0 = Debug|Any CPU
		{23371875-C25F-4981-985B-4848A3180B6F}.Release|Any CPU.ActiveCfg = Release|Any CPU
		{23371875-C25F-4981-985B-4848A3180B6F}.Release|Any CPU.Build.0 = Release|Any CPU
		{23371875-C25F-4981-985B-4848A3180B6F}.Release|x64.ActiveCfg = Release|Any CPU
		{23371875-C25F-4981-985B-4848A3180B6F}.Release|x64.Build.0 = Release|Any CPU
		{23371875-C25F-4981-985B-4848A3180B6F}.Release|x86.ActiveCfg = Release|Any CPU
		{23371875-C25F-4981-985B-4848A3180B6F}.Release|x86.Build.0 = Release|Any CPU
	EndGlobalSection
	GlobalSection(SolutionProperties) = preSolution
		HideSolutionNode = FALSE
	EndGlobalSection
EndGlobal
